// !$*UTF8*$!
{
	archiveVersion = 1;
	classes = {
	};
	objectVersion = 46;
	objects = {

/* Begin PBXBuildFile section */
		50B1377A1B1466FB00F1118E /* main.m in Sources */ = {isa = PBXBuildFile; fileRef = 50B137791B1466FB00F1118E /* main.m */; };
		50B1377D1B1466FB00F1118E /* AppDelegate.m in Sources */ = {isa = PBXBuildFile; fileRef = 50B1377C1B1466FB00F1118E /* AppDelegate.m */; };
		50B137801B1466FB00F1118E /* ViewController.m in Sources */ = {isa = PBXBuildFile; fileRef = 50B1377F1B1466FB00F1118E /* ViewController.m */; };
		50B137831B1466FB00F1118E /* Main.storyboard in Resources */ = {isa = PBXBuildFile; fileRef = 50B137811B1466FB00F1118E /* Main.storyboard */; };
		50B137851B1466FB00F1118E /* Images.xcassets in Resources */ = {isa = PBXBuildFile; fileRef = 50B137841B1466FB00F1118E /* Images.xcassets */; };
		50B137881B1466FB00F1118E /* LaunchScreen.xib in Resources */ = {isa = PBXBuildFile; fileRef = 50B137861B1466FB00F1118E /* LaunchScreen.xib */; };
		50B137941B1466FB00F1118E /* TimeLongTests.m in Sources */ = {isa = PBXBuildFile; fileRef = 50B137931B1466FB00F1118E /* TimeLongTests.m */; };
		50B1379F1B14672000F1118E /* Time.m in Sources */ = {isa = PBXBuildFile; fileRef = 50B1379E1B14672000F1118E /* Time.m */; };
/* End PBXBuildFile section */

/* Begin PBXContainerItemProxy section */
		50B1378E1B1466FB00F1118E /* PBXContainerItemProxy */ = {
			isa = PBXContainerItemProxy;
			containerPortal = 50B1376C1B1466FB00F1118E /* Project object */;
			proxyType = 1;
			remoteGlobalIDString = 50B137731B1466FB00F1118E;
			remoteInfo = TimeLong;
		};
/* End PBXContainerItemProxy section */

/* Begin PBXFileReference section */
		50B137741B1466FB00F1118E /* TimeLong.app */ = {isa = PBXFileReference; explicitFileType = wrapper.application; includeInIndex = 0; path = TimeLong.app; sourceTree = BUILT_PRODUCTS_DIR; };
		50B137781B1466FB00F1118E /* Info.plist */ = {isa = PBXFileReference; lastKnownFileType = text.plist.xml; path = Info.plist; sourceTree = "<group>"; };
		50B137791B1466FB00F1118E /* main.m */ = {isa = PBXFileReference; lastKnownFileType = sourcecode.c.objc; path = main.m; sourceTree = "<group>"; };
		50B1377B1B1466FB00F1118E /* AppDelegate.h */ = {isa = PBXFileReference; lastKnownFileType = sourcecode.c.h; path = AppDelegate.h; sourceTree = "<group>"; };
		50B1377C1B1466FB00F1118E /* AppDelegate.m */ = {isa = PBXFileReference; lastKnownFileType = sourcecode.c.objc; path = AppDelegate.m; sourceTree = "<group>"; };
		50B1377E1B1466FB00F1118E /* ViewController.h */ = {isa = PBXFileReference; lastKnownFileType = sourcecode.c.h; path = ViewController.h; sourceTree = "<group>"; };
		50B1377F1B1466FB00F1118E /* ViewController.m */ = {isa = PBXFileReference; lastKnownFileType = sourcecode.c.objc; path = ViewController.m; sourceTree = "<group>"; };
		50B137821B1466FB00F1118E /* Base */ = {isa = PBXFileReference; lastKnownFileType = file.storyboard; name = Base; path = Base.lproj/Main.storyboard; sourceTree = "<group>"; };
		50B137841B1466FB00F1118E /* Images.xcassets */ = {isa = PBXFileReference; lastKnownFileType = folder.assetcatalog; path = Images.xcassets; sourceTree = "<group>"; };
		50B137871B1466FB00F1118E /* Base */ = {isa = PBXFileReference; lastKnownFileType = file.xib; name = Base; path = Base.lproj/LaunchScreen.xib; sourceTree = "<group>"; };
		50B1378D1B1466FB00F1118E /* TimeLongTests.xctest */ = {isa = PBXFileReference; explicitFileType = wrapper.cfbundle; includeInIndex = 0; path = TimeLongTests.xctest; sourceTree = BUILT_PRODUCTS_DIR; };
		50B137921B1466FB00F1118E /* Info.plist */ = {isa = PBXFileReference; lastKnownFileType = text.plist.xml; path = Info.plist; sourceTree = "<group>"; };
		50B137931B1466FB00F1118E /* TimeLongTests.m */ = {isa = PBXFileReference; lastKnownFileType = sourcecode.c.objc; path = TimeLongTests.m; sourceTree = "<group>"; };
		50B1379D1B14672000F1118E /* Time.h */ = {isa = PBXFileReference; fileEncoding = 4; lastKnownFileType = sourcecode.c.h; path = Time.h; sourceTree = "<group>"; };
		50B1379E1B14672000F1118E /* Time.m */ = {isa = PBXFileReference; fileEncoding = 4; lastKnownFileType = sourcecode.c.objc; path = Time.m; sourceTree = "<group>"; };
/* End PBXFileReference section */

/* Begin PBXFrameworksBuildPhase section */
		50B137711B1466FB00F1118E /* Frameworks */ = {
			isa = PBXFrameworksBuildPhase;
			buildActionMask = 2147483647;
			files = (
			);
			runOnlyForDeploymentPostprocessing = 0;
		};
		50B1378A1B1466FB00F1118E /* Frameworks */ = {
			isa = PBXFrameworksBuildPhase;
			buildActionMask = 2147483647;
			files = (
			);
			runOnlyForDeploymentPostprocessing = 0;
		};
/* End PBXFrameworksBuildPhase section */

/* Begin PBXGroup section */
		50B1376B1B1466FB00F1118E = {
			isa = PBXGroup;
			children = (
				50B137761B1466FB00F1118E /* TimeLong */,
				50B137901B1466FB00F1118E /* TimeLongTests */,
				50B137751B1466FB00F1118E /* Products */,
			);
			sourceTree = "<group>";
		};
		50B137751B1466FB00F1118E /* Products */ = {
			isa = PBXGroup;
			children = (
				50B137741B1466FB00F1118E /* TimeLong.app */,
				50B1378D1B1466FB00F1118E /* TimeLongTests.xctest */,
			);
			name = Products;
			sourceTree = "<group>";
		};
		50B137761B1466FB00F1118E /* TimeLong */ = {
			isa = PBXGroup;
			children = (
				50B1377B1B1466FB00F1118E /* AppDelegate.h */,
				50B1377C1B1466FB00F1118E /* AppDelegate.m */,
				50B1377E1B1466FB00F1118E /* ViewController.h */,
				50B1377F1B1466FB00F1118E /* ViewController.m */,
				50B137811B1466FB00F1118E /* Main.storyboard */,
				50B137841B1466FB00F1118E /* Images.xcassets */,
				50B137861B1466FB00F1118E /* LaunchScreen.xib */,
				50B137771B1466FB00F1118E /* Supporting Files */,
				50B1379D1B14672000F1118E /* Time.h */,
				50B1379E1B14672000F1118E /* Time.m */,
			);
			path = TimeLong;
			sourceTree = "<group>";
		};
		50B137771B1466FB00F1118E /* Supporting Files */ = {
			isa = PBXGroup;
			children = (
				50B137781B1466FB00F1118E /* Info.plist */,
				50B137791B1466FB00F1118E /* main.m */,
			);
			name = "Supporting Files";
			sourceTree = "<group>";
		};
		50B137901B1466FB00F1118E /* TimeLongTests */ = {
			isa = PBXGroup;
			children = (
				50B137931B1466FB00F1118E /* TimeLongTests.m */,
				50B137911B1466FB00F1118E /* Supporting Files */,
			);
			path = TimeLongTests;
			sourceTree = "<group>";
		};
		50B137911B1466FB00F1118E /* Supporting Files */ = {
			isa = PBXGroup;
			children = (
				50B137921B1466FB00F1118E /* Info.plist */,
			);
			name = "Supporting Files";
			sourceTree = "<group>";
		};
/* End PBXGroup section */

/* Begin PBXNativeTarget section */
		50B137731B1466FB00F1118E /* TimeLong */ = {
			isa = PBXNativeTarget;
			buildConfigurationList = 50B137971B1466FB00F1118E /* Build configuration list for PBXNativeTarget "TimeLong" */;
			buildPhases = (
				50B137701B1466FB00F1118E /* Sources */,
				50B137711B1466FB00F1118E /* Frameworks */,
				50B137721B1466FB00F1118E /* Resources */,
			);
			buildRules = (
			);
			dependencies = (
			);
			name = TimeLong;
			productName = TimeLong;
			productReference = 50B137741B1466FB00F1118E /* TimeLong.app */;
			productType = "com.apple.product-type.application";
		};
		50B1378C1B1466FB00F1118E /* TimeLongTests */ = {
			isa = PBXNativeTarget;
			buildConfigurationList = 50B1379A1B1466FB00F1118E /* Build configuration list for PBXNativeTarget "TimeLongTests" */;
			buildPhases = (
				50B137891B1466FB00F1118E /* Sources */,
				50B1378A1B1466FB00F1118E /* Frameworks */,
				50B1378B1B1466FB00F1118E /* Resources */,
			);
			buildRules = (
			);
			dependencies = (
				50B1378F1B1466FB00F1118E /* PBXTargetDependency */,
			);
			name = TimeLongTests;
			productName = TimeLongTests;
			productReference = 50B1378D1B1466FB00F1118E /* TimeLongTests.xctest */;
			productType = "com.apple.product-type.bundle.unit-test";
		};
/* End PBXNativeTarget section */

/* Begin PBXProject section */
		50B1376C1B1466FB00F1118E /* Project object */ = {
			isa = PBXProject;
			attributes = {
				LastUpgradeCheck = 0630;
				ORGANIZATIONNAME = Kevin;
				TargetAttributes = {
					50B137731B1466FB00F1118E = {
						CreatedOnToolsVersion = 6.3.2;
					};
					50B1378C1B1466FB00F1118E = {
						CreatedOnToolsVersion = 6.3.2;
						TestTargetID = 50B137731B1466FB00F1118E;
					};
				};
			};
			buildConfigurationList = 50B1376F1B1466FB00F1118E /* Build configuration list for PBXProject "TimeLong" */;
			compatibilityVersion = "Xcode 3.2";
			developmentRegion = English;
			hasScannedForEncodings = 0;
			knownRegions = (
				en,
				Base,
			);
			mainGroup = 50B1376B1B1466FB00F1118E;
			productRefGroup = 50B137751B1466FB00F1118E /* Products */;
			projectDirPath = "";
			projectRoot = "";
			targets = (
				50B137731B1466FB00F1118E /* TimeLong */,
				50B1378C1B1466FB00F1118E /* TimeLongTests */,
			);
		};
/* End PBXProject section */

/* Begin PBXResourcesBuildPhase section */
		50B137721B1466FB00F1118E /* Resources */ = {
			isa = PBXResourcesBuildPhase;
			buildActionMask = 2147483647;
			files = (
				50B137831B1466FB00F1118E /* Main.storyboard in Resources */,
				50B137881B1466FB00F1118E /* LaunchScreen.xib in Resources */,
				50B137851B1466FB00F1118E /* Images.xcassets in Resources */,
			);
			runOnlyForDeploymentPostprocessing = 0;
		};
		50B1378B1B1466FB00F1118E /* Resources */ = {
			isa = PBXResourcesBuildPhase;
			buildActionMask = 2147483647;
			files = (
			);
			runOnlyForDeploymentPostprocessing = 0;
		};
/* End PBXResourcesBuildPhase section */

/* Begin PBXSourcesBuildPhase section */
		50B137701B1466FB00F1118E /* Sources */ = {
			isa = PBXSourcesBuildPhase;
			buildActionMask = 2147483647;
			files = (
				50B1379F1B14672000F1118E /* Time.m in Sources */,
				50B137801B1466FB00F1118E /* ViewController.m in Sources */,
				50B1377D1B1466FB00F1118E /* AppDelegate.m in Sources */,
				50B1377A1B1466FB00F1118E /* main.m in Sources */,
			);
			runOnlyForDeploymentPostprocessing = 0;
		};
		50B137891B1466FB00F1118E /* Sources */ = {
			isa = PBXSourcesBuildPhase;
			buildActionMask = 2147483647;
			files = (
				50B137941B1466FB00F1118E /* TimeLongTests.m in Sources */,
			);
			runOnlyForDeploymentPostprocessing = 0;
		};
/* End PBXSourcesBuildPhase section */

/* Begin PBXTargetDependency section */
		50B1378F1B1466FB00F1118E /* PBXTargetDependency */ = {
			isa = PBXTargetDependency;
			target = 50B137731B1466FB00F1118E /* TimeLong */;
			targetProxy = 50B1378E1B1466FB00F1118E /* PBXContainerItemProxy */;
		};
/* End PBXTargetDependency section */

/* Begin PBXVariantGroup section */
		50B137811B1466FB00F1118E /* Main.storyboard */ = {
			isa = PBXVariantGroup;
			children = (
				50B137821B1466FB00F1118E /* Base */,
			);
			name = Main.storyboard;
			sourceTree = "<group>";
		};
		50B137861B1466FB00F1118E /* LaunchScreen.xib */ = {
			isa = PBXVariantGroup;
			children = (
				50B137871B1466FB00F1118E /* Base */,
			);
			name = LaunchScreen.xib;
			sourceTree = "<group>";
		};
/* End PBXVariantGroup section */

/* Begin XCBuildConfiguration section */
		50B137951B1466FB00F1118E /* Debug */ = {
			isa = XCBuildConfiguration;
			buildSettings = {
				ALWAYS_SEARCH_USER_PATHS = NO;
				CLANG_CXX_LANGUAGE_STANDARD = "gnu++0x";
				CLANG_CXX_LIBRARY = "libc++";
				CLANG_ENABLE_MODULES = YES;
				CLANG_ENABLE_OBJC_ARC = YES;
				CLANG_WARN_BOOL_CONVERSION = YES;
				CLANG_WARN_CONSTANT_CONVERSION = YES;
				CLANG_WARN_DIRECT_OBJC_ISA_USAGE = YES_ERROR;
				CLANG_WARN_EMPTY_BODY = YES;
				CLANG_WARN_ENUM_CONVERSION = YES;
				CLANG_WARN_INT_CONVERSION = YES;
				CLANG_WARN_OBJC_ROOT_CLASS = YES_ERROR;
				CLANG_WARN_UNREACHABLE_CODE = YES;
				CLANG_WARN__DUPLICATE_METHOD_MATCH = YES;
				"CODE_SIGN_IDENTITY[sdk=iphoneos*]" = "iPhone Developer";
				COPY_PHASE_STRIP = NO;
				DEBUG_INFORMATION_FORMAT = "dwarf-with-dsym";
				ENABLE_STRICT_OBJC_MSGSEND = YES;
				GCC_C_LANGUAGE_STANDARD = gnu99;
				GCC_DYNAMIC_NO_PIC = NO;
				GCC_NO_COMMON_BLOCKS = YES;
				GCC_OPTIMIZATION_LEVEL = 0;
				GCC_PREPROCESSOR_DEFINITIONS = (
					"DEBUG=1",
					"$(inherited)",
				);
				GCC_SYMBOLS_PRIVATE_EXTERN = NO;
				GCC_WARN_64_TO_32_BIT_CONVERSION = YES;
				GCC_WARN_ABOUT_RETURN_TYPE = YES_ERROR;
				GCC_WARN_UNDECLARED_SELECTOR = YES;
				GCC_WARN_UNINITIALIZED_AUTOS = YES_AGGRESSIVE;
				GCC_WARN_UNUSED_FUNCTION = YES;
				GCC_WARN_UNUSED_VARIABLE = YES;
				IPHONEOS_DEPLOYMENT_TARGET = 8.3;
				MTL_ENABLE_DEBUG_INFO = YES;
				ONLY_ACTIVE_ARCH = YES;
				SDKROOT = iphoneos;
			};
			name = Debug;
		};
		50B137961B1466FB00F1118E /* Release */ = {
			isa = XCBuildConfiguration;
			buildSettings = {
				ALWAYS_SEARCH_USER_PATHS = NO;
				CLANG_CXX_LANGUAGE_STANDARD = "gnu++0x";
				CLANG_CXX_LIBRARY = "libc++";
				CLANG_ENABLE_MODULES = YES;
				CLANG_ENABLE_OBJC_ARC = YES;
				CLANG_WARN_BOOL_CONVERSION = YES;
				CLANG_WARN_CONSTANT_CONVERSION = YES;
				CLANG_WARN_DIRECT_OBJC_ISA_USAGE = YES_ERROR;
				CLANG_WARN_EMPTY_BODY = YES;
				CLANG_WARN_ENUM_CONVERSION = YES;
				CLANG_WARN_INT_CONVERSION = YES;
				CLANG_WARN_OBJC_ROOT_CLASS = YES_ERROR;
				CLANG_WARN_UNREACHABLE_CODE = YES;
				CLANG_WARN__DUPLICATE_METHOD_MATCH = YES;
				"CODE_SIGN_IDENTITY[sdk=iphoneos*]" = "iPhone Developer";
				COPY_PHASE_STRIP = NO;
				DEBUG_INFORMATION_FORMAT = "dwarf-with-dsym";
				ENABLE_NS_ASSERTIONS = NO;
				ENABLE_STRICT_OBJC_MSGSEND = YES;
				GCC_C_LANGUAGE_STANDARD = gnu99;
				GCC_NO_COMMON_BLOCKS = YES;
				GCC_WARN_64_TO_32_BIT_CONVERSION = YES;
				GCC_WARN_ABOUT_RETURN_TYPE = YES_ERROR;
				GCC_WARN_UNDECLARED_SELECTOR = YES;
				GCC_WARN_UNINITIALIZED_AUTOS = YES_AGGRESSIVE;
				GCC_WARN_UNUSED_FUNCTION = YES;
				GCC_WARN_UNUSED_VARIABLE = YES;
				IPHONEOS_DEPLOYMENT_TARGET = 8.3;
				MTL_ENABLE_DEBUG_INFO = NO;
				SDKROOT = iphoneos;
				VALIDATE_PRODUCT = YES;
			};
			name = Release;
		};
		50B137981B1466FB00F1118E /* Debug */ = {
			isa = XCBuildConfiguration;
			buildSettings = {
				ASSETCATALOG_COMPILER_APPICON_NAME = AppIcon;
				INFOPLIST_FILE = TimeLong/Info.plist;
				LD_RUNPATH_SEARCH_PATHS = "$(inherited) @executable_path/Frameworks";
				PRODUCT_NAME = "$(TARGET_NAME)";
			};
			name = Debug;
		};
		50B137991B1466FB00F1118E /* Release */ = {
			isa = XCBuildConfiguration;
			buildSettings = {
				ASSETCATALOG_COMPILER_APPICON_NAME = AppIcon;
				INFOPLIST_FILE = TimeLong/Info.plist;
				LD_RUNPATH_SEARCH_PATHS = "$(inherited) @executable_path/Frameworks";
				PRODUCT_NAME = "$(TARGET_NAME)";
			};
			name = Release;
		};
		50B1379B1B1466FB00F1118E /* Debug */ = {
			isa = XCBuildConfiguration;
			buildSettings = {
				BUNDLE_LOADER = "$(TEST_HOST)";
				FRAMEWORK_SEARCH_PATHS = (
					"$(SDKROOT)/Developer/Library/Frameworks",
					"$(inherited)",
				);
				GCC_PREPROCESSOR_DEFINITIONS = (
					"DEBUG=1",
					"$(inherited)",
				);
				INFOPLIST_FILE = TimeLongTests/Info.plist;
				LD_RUNPATH_SEARCH_PATHS = "$(inherited) @executable_path/Frameworks @loader_path/Frameworks";
				PRODUCT_NAME = "$(TARGET_NAME)";
				TEST_HOST = "$(BUILT_PRODUCTS_DIR)/TimeLong.app/TimeLong";
			};
			name = Debug;
		};
		50B1379C1B1466FB00F1118E /* Release */ = {
			isa = XCBuildConfiguration;
			buildSettings = {
				BUNDLE_LOADER = "$(TEST_HOST)";
				FRAMEWORK_SEARCH_PATHS = (
					"$(SDKROOT)/Developer/Library/Frameworks",
					"$(inherited)",
				);
				INFOPLIST_FILE = TimeLongTests/Info.plist;
				LD_RUNPATH_SEARCH_PATHS = "$(inherited) @executable_path/Frameworks @loader_path/Frameworks";
				PRODUCT_NAME = "$(TARGET_NAME)";
				TEST_HOST = "$(BUILT_PRODUCTS_DIR)/TimeLong.app/TimeLong";
			};
			name = Release;
		};
/* End XCBuildConfiguration section */

/* Begin XCConfigurationList section */
		50B1376F1B1466FB00F1118E /* Build configuration list for PBXProject "TimeLong" */ = {
			isa = XCConfigurationList;
			buildConfigurations = (
				50B137951B1466FB00F1118E /* Debug */,
				50B137961B1466FB00F1118E /* Release */,
			);
			defaultConfigurationIsVisible = 0;
			defaultConfigurationName = Release;
		};
		50B137971B1466FB00F1118E /* Build configuration list for PBXNativeTarget "TimeLong" */ = {
			isa = XCConfigurationList;
			buildConfigurations = (
				50B137981B1466FB00F1118E /* Debug */,
				50B137991B1466FB00F1118E /* Release */,
			);
			defaultConfigurationIsVisible = 0;
		};
		50B1379A1B1466FB00F1118E /* Build configuration list for PBXNativeTarget "TimeLongTests" */ = {
			isa = XCConfigurationList;
			buildConfigurations = (
				50B1379B1B1466FB00F1118E /* Debug */,
				50B1379C1B1466FB00F1118E /* Release */,
			);
			defaultConfigurationIsVisible = 0;
		};
/* End XCConfigurationList section */
	};
	rootObject = 50B1376C1B1466FB00F1118E /* Project object */;
}
